// !$*UTF8*$!
{
	archiveVersion = 1;
	classes = {
	};
	objectVersion = 46;
	objects = {

/* Begin PBXBuildFile section */
		BE070C5B1DA050E8009DF5B4 /* Data.swift in Sources */ = {isa = PBXBuildFile; fileRef = BE070C5A1DA050E8009DF5B4 /* Data.swift */; };
		BE070C5D1DA0526C009DF5B4 /* DataModel.swift in Sources */ = {isa = PBXBuildFile; fileRef = BE070C5C1DA0526C009DF5B4 /* DataModel.swift */; };
		BE8F05881D9F9096006117F7 /* UIColor+hexString.swift in Sources */ = {isa = PBXBuildFile; fileRef = BE8F05871D9F9096006117F7 /* UIColor+hexString.swift */; };
		BE8F058A1D9F9FEA006117F7 /* ArrowButton.swift in Sources */ = {isa = PBXBuildFile; fileRef = BE8F05891D9F9FEA006117F7 /* ArrowButton.swift */; };
		BE8F058C1D9FA888006117F7 /* DrawableView.swift in Sources */ = {isa = PBXBuildFile; fileRef = BE8F058B1D9FA888006117F7 /* DrawableView.swift */; };
		BE8F058E1D9FA89F006117F7 /* DrawableViewController.swift in Sources */ = {isa = PBXBuildFile; fileRef = BE8F058D1D9FA89F006117F7 /* DrawableViewController.swift */; };
		BEB68D371D9F8CDD0007CB84 /* ImagesCollectionView.swift in Sources */ = {isa = PBXBuildFile; fileRef = BEB68D361D9F8CDD0007CB84 /* ImagesCollectionView.swift */; };
		BEB68D391D9F8CEA0007CB84 /* ImageCell.swift in Sources */ = {isa = PBXBuildFile; fileRef = BEB68D381D9F8CEA0007CB84 /* ImageCell.swift */; };
		BEB68D3B1D9F8D030007CB84 /* ImageCell.xib in Resources */ = {isa = PBXBuildFile; fileRef = BEB68D3A1D9F8D030007CB84 /* ImageCell.xib */; };
		BEF808171D9F7AEA00C1139C /* AppDelegate.swift in Sources */ = {isa = PBXBuildFile; fileRef = BEF808161D9F7AEA00C1139C /* AppDelegate.swift */; };
		BEF808191D9F7AEA00C1139C /* ViewController.swift in Sources */ = {isa = PBXBuildFile; fileRef = BEF808181D9F7AEA00C1139C /* ViewController.swift */; };
		BEF8081C1D9F7AEA00C1139C /* Main.storyboard in Resources */ = {isa = PBXBuildFile; fileRef = BEF8081A1D9F7AEA00C1139C /* Main.storyboard */; };
		BEF8081E1D9F7AEA00C1139C /* Assets.xcassets in Resources */ = {isa = PBXBuildFile; fileRef = BEF8081D1D9F7AEA00C1139C /* Assets.xcassets */; };
		BEF808211D9F7AEA00C1139C /* LaunchScreen.storyboard in Resources */ = {isa = PBXBuildFile; fileRef = BEF8081F1D9F7AEA00C1139C /* LaunchScreen.storyboard */; };
		D2C0CC851DA057C000C53529 /* Contents.json in Resources */ = {isa = PBXBuildFile; fileRef = D2C0CC701DA057C000C53529 /* Contents.json */; };
		D2C0CC861DA057C000C53529 /* Icon-57.png in Resources */ = {isa = PBXBuildFile; fileRef = D2C0CC711DA057C000C53529 /* Icon-57.png */; };
		D2C0CC871DA057C000C53529 /* Icon-57@2x.png in Resources */ = {isa = PBXBuildFile; fileRef = D2C0CC721DA057C000C53529 /* Icon-57@2x.png */; };
		D2C0CC881DA057C000C53529 /* Icon-60@2x.png in Resources */ = {isa = PBXBuildFile; fileRef = D2C0CC731DA057C000C53529 /* Icon-60@2x.png */; };
		D2C0CC891DA057C000C53529 /* Icon-60@3x.png in Resources */ = {isa = PBXBuildFile; fileRef = D2C0CC741DA057C000C53529 /* Icon-60@3x.png */; };
		D2C0CC8A1DA057C000C53529 /* Icon-ipad-72.png in Resources */ = {isa = PBXBuildFile; fileRef = D2C0CC751DA057C000C53529 /* Icon-ipad-72.png */; };
		D2C0CC8B1DA057C000C53529 /* Icon-ipad-72@2x.png in Resources */ = {isa = PBXBuildFile; fileRef = D2C0CC761DA057C000C53529 /* Icon-ipad-72@2x.png */; };
		D2C0CC8C1DA057C000C53529 /* Icon-ipad-76.png in Resources */ = {isa = PBXBuildFile; fileRef = D2C0CC771DA057C000C53529 /* Icon-ipad-76.png */; };
		D2C0CC8D1DA057C000C53529 /* Icon-ipad-76@2x.png in Resources */ = {isa = PBXBuildFile; fileRef = D2C0CC781DA057C000C53529 /* Icon-ipad-76@2x.png */; };
		D2C0CC8E1DA057C000C53529 /* Icon-ipad-83.5@2x.png in Resources */ = {isa = PBXBuildFile; fileRef = D2C0CC791DA057C000C53529 /* Icon-ipad-83.5@2x.png */; };
		D2C0CC8F1DA057C000C53529 /* Icon-ipad-Small-40.png in Resources */ = {isa = PBXBuildFile; fileRef = D2C0CC7A1DA057C000C53529 /* Icon-ipad-Small-40.png */; };
		D2C0CC901DA057C000C53529 /* Icon-ipad-Small-40@2x.png in Resources */ = {isa = PBXBuildFile; fileRef = D2C0CC7B1DA057C000C53529 /* Icon-ipad-Small-40@2x.png */; };
		D2C0CC911DA057C000C53529 /* Icon-ipad-Small-50.png in Resources */ = {isa = PBXBuildFile; fileRef = D2C0CC7C1DA057C000C53529 /* Icon-ipad-Small-50.png */; };
		D2C0CC921DA057C000C53529 /* Icon-ipad-Small-50@2x.png in Resources */ = {isa = PBXBuildFile; fileRef = D2C0CC7D1DA057C000C53529 /* Icon-ipad-Small-50@2x.png */; };
		D2C0CC931DA057C000C53529 /* Icon-ipad-Small.png in Resources */ = {isa = PBXBuildFile; fileRef = D2C0CC7E1DA057C000C53529 /* Icon-ipad-Small.png */; };
		D2C0CC941DA057C000C53529 /* Icon-ipad-Small@2x.png in Resources */ = {isa = PBXBuildFile; fileRef = D2C0CC7F1DA057C000C53529 /* Icon-ipad-Small@2x.png */; };
		D2C0CC951DA057C000C53529 /* Icon-Small-40@2x.png in Resources */ = {isa = PBXBuildFile; fileRef = D2C0CC801DA057C000C53529 /* Icon-Small-40@2x.png */; };
		D2C0CC961DA057C000C53529 /* Icon-Small-40@3x.png in Resources */ = {isa = PBXBuildFile; fileRef = D2C0CC811DA057C000C53529 /* Icon-Small-40@3x.png */; };
		D2C0CC971DA057C000C53529 /* Icon-Small.png in Resources */ = {isa = PBXBuildFile; fileRef = D2C0CC821DA057C000C53529 /* Icon-Small.png */; };
		D2C0CC981DA057C000C53529 /* Icon-Small@2x.png in Resources */ = {isa = PBXBuildFile; fileRef = D2C0CC831DA057C000C53529 /* Icon-Small@2x.png */; };
		D2C0CC991DA057C000C53529 /* Icon-Small@3x.png in Resources */ = {isa = PBXBuildFile; fileRef = D2C0CC841DA057C000C53529 /* Icon-Small@3x.png */; };
		F594DA2048E3665E9C3F4439 /* Pods_ZenHack.framework in Frameworks */ = {isa = PBXBuildFile; fileRef = DFDC3A7272255ED35877EA4B /* Pods_ZenHack.framework */; };
/* End PBXBuildFile section */

/* Begin PBXFileReference section */
		08D97A8953B6B0DDB25A04C8 /* Pods-ZenHack.release.xcconfig */ = {isa = PBXFileReference; includeInIndex = 1; lastKnownFileType = text.xcconfig; name = "Pods-ZenHack.release.xcconfig"; path = "Pods/Target Support Files/Pods-ZenHack/Pods-ZenHack.release.xcconfig"; sourceTree = "<group>"; };
		555C1E01525EFC415CB2BC73 /* Pods-ZenHack.debug.xcconfig */ = {isa = PBXFileReference; includeInIndex = 1; lastKnownFileType = text.xcconfig; name = "Pods-ZenHack.debug.xcconfig"; path = "Pods/Target Support Files/Pods-ZenHack/Pods-ZenHack.debug.xcconfig"; sourceTree = "<group>"; };
		BE070C5A1DA050E8009DF5B4 /* Data.swift */ = {isa = PBXFileReference; fileEncoding = 4; lastKnownFileType = sourcecode.swift; path = Data.swift; sourceTree = "<group>"; };
		BE070C5C1DA0526C009DF5B4 /* DataModel.swift */ = {isa = PBXFileReference; fileEncoding = 4; lastKnownFileType = sourcecode.swift; path = DataModel.swift; sourceTree = "<group>"; };
		BE8F05871D9F9096006117F7 /* UIColor+hexString.swift */ = {isa = PBXFileReference; fileEncoding = 4; lastKnownFileType = sourcecode.swift; path = "UIColor+hexString.swift"; sourceTree = "<group>"; };
		BE8F05891D9F9FEA006117F7 /* ArrowButton.swift */ = {isa = PBXFileReference; fileEncoding = 4; lastKnownFileType = sourcecode.swift; path = ArrowButton.swift; sourceTree = "<group>"; };
		BE8F058B1D9FA888006117F7 /* DrawableView.swift */ = {isa = PBXFileReference; fileEncoding = 4; lastKnownFileType = sourcecode.swift; path = DrawableView.swift; sourceTree = "<group>"; };
		BE8F058D1D9FA89F006117F7 /* DrawableViewController.swift */ = {isa = PBXFileReference; fileEncoding = 4; lastKnownFileType = sourcecode.swift; path = DrawableViewController.swift; sourceTree = "<group>"; };
		BEB68D361D9F8CDD0007CB84 /* ImagesCollectionView.swift */ = {isa = PBXFileReference; fileEncoding = 4; lastKnownFileType = sourcecode.swift; path = ImagesCollectionView.swift; sourceTree = "<group>"; };
		BEB68D381D9F8CEA0007CB84 /* ImageCell.swift */ = {isa = PBXFileReference; fileEncoding = 4; lastKnownFileType = sourcecode.swift; path = ImageCell.swift; sourceTree = "<group>"; };
		BEB68D3A1D9F8D030007CB84 /* ImageCell.xib */ = {isa = PBXFileReference; fileEncoding = 4; lastKnownFileType = file.xib; path = ImageCell.xib; sourceTree = "<group>"; };
		BEF808131D9F7AEA00C1139C /* ZenHack.app */ = {isa = PBXFileReference; explicitFileType = wrapper.application; includeInIndex = 0; path = ZenHack.app; sourceTree = BUILT_PRODUCTS_DIR; };
		BEF808161D9F7AEA00C1139C /* AppDelegate.swift */ = {isa = PBXFileReference; lastKnownFileType = sourcecode.swift; path = AppDelegate.swift; sourceTree = "<group>"; };
		BEF808181D9F7AEA00C1139C /* ViewController.swift */ = {isa = PBXFileReference; lastKnownFileType = sourcecode.swift; path = ViewController.swift; sourceTree = "<group>"; };
		BEF8081B1D9F7AEA00C1139C /* Base */ = {isa = PBXFileReference; lastKnownFileType = file.storyboard; name = Base; path = Base.lproj/Main.storyboard; sourceTree = "<group>"; };
		BEF8081D1D9F7AEA00C1139C /* Assets.xcassets */ = {isa = PBXFileReference; lastKnownFileType = folder.assetcatalog; path = Assets.xcassets; sourceTree = "<group>"; };
		BEF808201D9F7AEA00C1139C /* Base */ = {isa = PBXFileReference; lastKnownFileType = file.storyboard; name = Base; path = Base.lproj/LaunchScreen.storyboard; sourceTree = "<group>"; };
		BEF808221D9F7AEA00C1139C /* Info.plist */ = {isa = PBXFileReference; lastKnownFileType = text.plist.xml; path = Info.plist; sourceTree = "<group>"; };
		D2C0CC701DA057C000C53529 /* Contents.json */ = {isa = PBXFileReference; fileEncoding = 4; lastKnownFileType = text.json; path = Contents.json; sourceTree = "<group>"; };
		D2C0CC711DA057C000C53529 /* Icon-57.png */ = {isa = PBXFileReference; lastKnownFileType = image.png; path = "Icon-57.png"; sourceTree = "<group>"; };
		D2C0CC721DA057C000C53529 /* Icon-57@2x.png */ = {isa = PBXFileReference; lastKnownFileType = image.png; path = "Icon-57@2x.png"; sourceTree = "<group>"; };
		D2C0CC731DA057C000C53529 /* Icon-60@2x.png */ = {isa = PBXFileReference; lastKnownFileType = image.png; path = "Icon-60@2x.png"; sourceTree = "<group>"; };
		D2C0CC741DA057C000C53529 /* Icon-60@3x.png */ = {isa = PBXFileReference; lastKnownFileType = image.png; path = "Icon-60@3x.png"; sourceTree = "<group>"; };
		D2C0CC751DA057C000C53529 /* Icon-ipad-72.png */ = {isa = PBXFileReference; lastKnownFileType = image.png; path = "Icon-ipad-72.png"; sourceTree = "<group>"; };
		D2C0CC761DA057C000C53529 /* Icon-ipad-72@2x.png */ = {isa = PBXFileReference; lastKnownFileType = image.png; path = "Icon-ipad-72@2x.png"; sourceTree = "<group>"; };
		D2C0CC771DA057C000C53529 /* Icon-ipad-76.png */ = {isa = PBXFileReference; lastKnownFileType = image.png; path = "Icon-ipad-76.png"; sourceTree = "<group>"; };
		D2C0CC781DA057C000C53529 /* Icon-ipad-76@2x.png */ = {isa = PBXFileReference; lastKnownFileType = image.png; path = "Icon-ipad-76@2x.png"; sourceTree = "<group>"; };
		D2C0CC791DA057C000C53529 /* Icon-ipad-83.5@2x.png */ = {isa = PBXFileReference; lastKnownFileType = image.png; path = "Icon-ipad-83.5@2x.png"; sourceTree = "<group>"; };
		D2C0CC7A1DA057C000C53529 /* Icon-ipad-Small-40.png */ = {isa = PBXFileReference; lastKnownFileType = image.png; path = "Icon-ipad-Small-40.png"; sourceTree = "<group>"; };
		D2C0CC7B1DA057C000C53529 /* Icon-ipad-Small-40@2x.png */ = {isa = PBXFileReference; lastKnownFileType = image.png; path = "Icon-ipad-Small-40@2x.png"; sourceTree = "<group>"; };
		D2C0CC7C1DA057C000C53529 /* Icon-ipad-Small-50.png */ = {isa = PBXFileReference; lastKnownFileType = image.png; path = "Icon-ipad-Small-50.png"; sourceTree = "<group>"; };
		D2C0CC7D1DA057C000C53529 /* Icon-ipad-Small-50@2x.png */ = {isa = PBXFileReference; lastKnownFileType = image.png; path = "Icon-ipad-Small-50@2x.png"; sourceTree = "<group>"; };
		D2C0CC7E1DA057C000C53529 /* Icon-ipad-Small.png */ = {isa = PBXFileReference; lastKnownFileType = image.png; path = "Icon-ipad-Small.png"; sourceTree = "<group>"; };
		D2C0CC7F1DA057C000C53529 /* Icon-ipad-Small@2x.png */ = {isa = PBXFileReference; lastKnownFileType = image.png; path = "Icon-ipad-Small@2x.png"; sourceTree = "<group>"; };
		D2C0CC801DA057C000C53529 /* Icon-Small-40@2x.png */ = {isa = PBXFileReference; lastKnownFileType = image.png; path = "Icon-Small-40@2x.png"; sourceTree = "<group>"; };
		D2C0CC811DA057C000C53529 /* Icon-Small-40@3x.png */ = {isa = PBXFileReference; lastKnownFileType = image.png; path = "Icon-Small-40@3x.png"; sourceTree = "<group>"; };
		D2C0CC821DA057C000C53529 /* Icon-Small.png */ = {isa = PBXFileReference; lastKnownFileType = image.png; path = "Icon-Small.png"; sourceTree = "<group>"; };
		D2C0CC831DA057C000C53529 /* Icon-Small@2x.png */ = {isa = PBXFileReference; lastKnownFileType = image.png; path = "Icon-Small@2x.png"; sourceTree = "<group>"; };
		D2C0CC841DA057C000C53529 /* Icon-Small@3x.png */ = {isa = PBXFileReference; lastKnownFileType = image.png; path = "Icon-Small@3x.png"; sourceTree = "<group>"; };
		DFDC3A7272255ED35877EA4B /* Pods_ZenHack.framework */ = {isa = PBXFileReference; explicitFileType = wrapper.framework; includeInIndex = 0; path = Pods_ZenHack.framework; sourceTree = BUILT_PRODUCTS_DIR; };
/* End PBXFileReference section */

/* Begin PBXFrameworksBuildPhase section */
		BEF808101D9F7AEA00C1139C /* Frameworks */ = {
			isa = PBXFrameworksBuildPhase;
			buildActionMask = 2147483647;
			files = (
				F594DA2048E3665E9C3F4439 /* Pods_ZenHack.framework in Frameworks */,
			);
			runOnlyForDeploymentPostprocessing = 0;
		};
/* End PBXFrameworksBuildPhase section */

/* Begin PBXGroup section */
		46B4077E718ACD19FDCCF89F /* Frameworks */ = {
			isa = PBXGroup;
			children = (
				DFDC3A7272255ED35877EA4B /* Pods_ZenHack.framework */,
			);
			name = Frameworks;
			sourceTree = "<group>";
		};
		BE1C7ACD1D9FAF140050B8AE /* お絵描き */ = {
			isa = PBXGroup;
			children = (
				BE8F058D1D9FA89F006117F7 /* DrawableViewController.swift */,
				BE8F058B1D9FA888006117F7 /* DrawableView.swift */,
			);
			name = "お絵描き";
			sourceTree = "<group>";
		};
		BE8F05861D9F9083006117F7 /* Helper */ = {
			isa = PBXGroup;
			children = (
				BE8F05871D9F9096006117F7 /* UIColor+hexString.swift */,
			);
			name = Helper;
			sourceTree = "<group>";
		};
		BEF8080A1D9F7AE900C1139C = {
			isa = PBXGroup;
			children = (
				BEF808151D9F7AEA00C1139C /* ZenHack */,
				BEF808141D9F7AEA00C1139C /* Products */,
				C98A01E803391E60EE47DAEA /* Pods */,
				46B4077E718ACD19FDCCF89F /* Frameworks */,
			);
			sourceTree = "<group>";
		};
		BEF808141D9F7AEA00C1139C /* Products */ = {
			isa = PBXGroup;
			children = (
				BEF808131D9F7AEA00C1139C /* ZenHack.app */,
			);
			name = Products;
			sourceTree = "<group>";
		};
		BEF808151D9F7AEA00C1139C /* ZenHack */ = {
			isa = PBXGroup;
			children = (
				BE1C7ACD1D9FAF140050B8AE /* お絵描き */,
				BE8F05861D9F9083006117F7 /* Helper */,
				BEF8082A1D9F8BA100C1139C /* Models */,
				BEF808291D9F8B9000C1139C /* ViewControllers */,
				BEF808281D9F8B8400C1139C /* Views */,
				BEF808161D9F7AEA00C1139C /* AppDelegate.swift */,
				BEF8081A1D9F7AEA00C1139C /* Main.storyboard */,
				D2C0CC6F1DA057C000C53529 /* AppIcon.appiconset */,
				BEF8081D1D9F7AEA00C1139C /* Assets.xcassets */,
				BEF8081F1D9F7AEA00C1139C /* LaunchScreen.storyboard */,
				BEF808221D9F7AEA00C1139C /* Info.plist */,
			);
			path = ZenHack;
			sourceTree = "<group>";
		};
		BEF808281D9F8B8400C1139C /* Views */ = {
			isa = PBXGroup;
			children = (
				BEB68D361D9F8CDD0007CB84 /* ImagesCollectionView.swift */,
				BEB68D381D9F8CEA0007CB84 /* ImageCell.swift */,
				BEB68D3A1D9F8D030007CB84 /* ImageCell.xib */,
				BE8F05891D9F9FEA006117F7 /* ArrowButton.swift */,
			);
			name = Views;
			sourceTree = "<group>";
		};
		BEF808291D9F8B9000C1139C /* ViewControllers */ = {
			isa = PBXGroup;
			children = (
				BEF808181D9F7AEA00C1139C /* ViewController.swift */,
			);
			name = ViewControllers;
			sourceTree = "<group>";
		};
		BEF8082A1D9F8BA100C1139C /* Models */ = {
			isa = PBXGroup;
			children = (
				BE070C5A1DA050E8009DF5B4 /* Data.swift */,
				BE070C5C1DA0526C009DF5B4 /* DataModel.swift */,
			);
			name = Models;
			sourceTree = "<group>";
		};
		C98A01E803391E60EE47DAEA /* Pods */ = {
			isa = PBXGroup;
			children = (
				555C1E01525EFC415CB2BC73 /* Pods-ZenHack.debug.xcconfig */,
				08D97A8953B6B0DDB25A04C8 /* Pods-ZenHack.release.xcconfig */,
			);
			name = Pods;
			sourceTree = "<group>";
		};
		D2C0CC6F1DA057C000C53529 /* AppIcon.appiconset */ = {
			isa = PBXGroup;
			children = (
				D2C0CC701DA057C000C53529 /* Contents.json */,
				D2C0CC711DA057C000C53529 /* Icon-57.png */,
				D2C0CC721DA057C000C53529 /* Icon-57@2x.png */,
				D2C0CC731DA057C000C53529 /* Icon-60@2x.png */,
				D2C0CC741DA057C000C53529 /* Icon-60@3x.png */,
				D2C0CC751DA057C000C53529 /* Icon-ipad-72.png */,
				D2C0CC761DA057C000C53529 /* Icon-ipad-72@2x.png */,
				D2C0CC771DA057C000C53529 /* Icon-ipad-76.png */,
				D2C0CC781DA057C000C53529 /* Icon-ipad-76@2x.png */,
				D2C0CC791DA057C000C53529 /* Icon-ipad-83.5@2x.png */,
				D2C0CC7A1DA057C000C53529 /* Icon-ipad-Small-40.png */,
				D2C0CC7B1DA057C000C53529 /* Icon-ipad-Small-40@2x.png */,
				D2C0CC7C1DA057C000C53529 /* Icon-ipad-Small-50.png */,
				D2C0CC7D1DA057C000C53529 /* Icon-ipad-Small-50@2x.png */,
				D2C0CC7E1DA057C000C53529 /* Icon-ipad-Small.png */,
				D2C0CC7F1DA057C000C53529 /* Icon-ipad-Small@2x.png */,
				D2C0CC801DA057C000C53529 /* Icon-Small-40@2x.png */,
				D2C0CC811DA057C000C53529 /* Icon-Small-40@3x.png */,
				D2C0CC821DA057C000C53529 /* Icon-Small.png */,
				D2C0CC831DA057C000C53529 /* Icon-Small@2x.png */,
				D2C0CC841DA057C000C53529 /* Icon-Small@3x.png */,
			);
			path = AppIcon.appiconset;
			sourceTree = "<group>";
		};
/* End PBXGroup section */

/* Begin PBXNativeTarget section */
		BEF808121D9F7AEA00C1139C /* ZenHack */ = {
			isa = PBXNativeTarget;
			buildConfigurationList = BEF808251D9F7AEA00C1139C /* Build configuration list for PBXNativeTarget "ZenHack" */;
			buildPhases = (
				66C96759E7A10601AC14FF72 /* [CP] Check Pods Manifest.lock */,
				BEF8080F1D9F7AEA00C1139C /* Sources */,
				BEF808101D9F7AEA00C1139C /* Frameworks */,
				BEF808111D9F7AEA00C1139C /* Resources */,
				FA9A156A1F2B3E80B92D4AC8 /* [CP] Embed Pods Frameworks */,
				889917D519CC1901CA955643 /* [CP] Copy Pods Resources */,
			);
			buildRules = (
			);
			dependencies = (
			);
			name = ZenHack;
			productName = ZenHack;
			productReference = BEF808131D9F7AEA00C1139C /* ZenHack.app */;
			productType = "com.apple.product-type.application";
		};
/* End PBXNativeTarget section */

/* Begin PBXProject section */
		BEF8080B1D9F7AE900C1139C /* Project object */ = {
			isa = PBXProject;
			attributes = {
				LastSwiftUpdateCheck = 0730;
				LastUpgradeCheck = 0730;
				ORGANIZATIONNAME = KazushiKawamura;
				TargetAttributes = {
					BEF808121D9F7AEA00C1139C = {
						CreatedOnToolsVersion = 7.3.1;
						DevelopmentTeam = TZAW4YVS6J;
					};
				};
			};
			buildConfigurationList = BEF8080E1D9F7AE900C1139C /* Build configuration list for PBXProject "ZenHack" */;
			compatibilityVersion = "Xcode 3.2";
			developmentRegion = English;
			hasScannedForEncodings = 0;
			knownRegions = (
				en,
				Base,
			);
			mainGroup = BEF8080A1D9F7AE900C1139C;
			productRefGroup = BEF808141D9F7AEA00C1139C /* Products */;
			projectDirPath = "";
			projectRoot = "";
			targets = (
				BEF808121D9F7AEA00C1139C /* ZenHack */,
			);
		};
/* End PBXProject section */

/* Begin PBXResourcesBuildPhase section */
		BEF808111D9F7AEA00C1139C /* Resources */ = {
			isa = PBXResourcesBuildPhase;
			buildActionMask = 2147483647;
			files = (
				D2C0CC851DA057C000C53529 /* Contents.json in Resources */,
				D2C0CC901DA057C000C53529 /* Icon-ipad-Small-40@2x.png in Resources */,
				D2C0CC8B1DA057C000C53529 /* Icon-ipad-72@2x.png in Resources */,
				D2C0CC991DA057C000C53529 /* Icon-Small@3x.png in Resources */,
				D2C0CC911DA057C000C53529 /* Icon-ipad-Small-50.png in Resources */,
				BEF808211D9F7AEA00C1139C /* LaunchScreen.storyboard in Resources */,
				D2C0CC861DA057C000C53529 /* Icon-57.png in Resources */,
				D2C0CC8D1DA057C000C53529 /* Icon-ipad-76@2x.png in Resources */,
				BEB68D3B1D9F8D030007CB84 /* ImageCell.xib in Resources */,
				D2C0CC961DA057C000C53529 /* Icon-Small-40@3x.png in Resources */,
				BEF8081E1D9F7AEA00C1139C /* Assets.xcassets in Resources */,
				BEF8081C1D9F7AEA00C1139C /* Main.storyboard in Resources */,
				D2C0CC951DA057C000C53529 /* Icon-Small-40@2x.png in Resources */,
				D2C0CC891DA057C000C53529 /* Icon-60@3x.png in Resources */,
				D2C0CC871DA057C000C53529 /* Icon-57@2x.png in Resources */,
				D2C0CC8C1DA057C000C53529 /* Icon-ipad-76.png in Resources */,
				D2C0CC941DA057C000C53529 /* Icon-ipad-Small@2x.png in Resources */,
				D2C0CC881DA057C000C53529 /* Icon-60@2x.png in Resources */,
				D2C0CC931DA057C000C53529 /* Icon-ipad-Small.png in Resources */,
				D2C0CC921DA057C000C53529 /* Icon-ipad-Small-50@2x.png in Resources */,
				D2C0CC8F1DA057C000C53529 /* Icon-ipad-Small-40.png in Resources */,
				D2C0CC8A1DA057C000C53529 /* Icon-ipad-72.png in Resources */,
				D2C0CC981DA057C000C53529 /* Icon-Small@2x.png in Resources */,
				D2C0CC8E1DA057C000C53529 /* Icon-ipad-83.5@2x.png in Resources */,
				D2C0CC971DA057C000C53529 /* Icon-Small.png in Resources */,
			);
			runOnlyForDeploymentPostprocessing = 0;
		};
/* End PBXResourcesBuildPhase section */

/* Begin PBXShellScriptBuildPhase section */
		66C96759E7A10601AC14FF72 /* [CP] Check Pods Manifest.lock */ = {
			isa = PBXShellScriptBuildPhase;
			buildActionMask = 2147483647;
			files = (
			);
			inputPaths = (
			);
			name = "[CP] Check Pods Manifest.lock";
			outputPaths = (
			);
			runOnlyForDeploymentPostprocessing = 0;
			shellPath = /bin/sh;
			shellScript = "diff \"${PODS_ROOT}/../Podfile.lock\" \"${PODS_ROOT}/Manifest.lock\" > /dev/null\nif [[ $? != 0 ]] ; then\n    cat << EOM\nerror: The sandbox is not in sync with the Podfile.lock. Run 'pod install' or update your CocoaPods installation.\nEOM\n    exit 1\nfi\n";
			showEnvVarsInLog = 0;
		};
		889917D519CC1901CA955643 /* [CP] Copy Pods Resources */ = {
			isa = PBXShellScriptBuildPhase;
			buildActionMask = 2147483647;
			files = (
			);
			inputPaths = (
			);
			name = "[CP] Copy Pods Resources";
			outputPaths = (
			);
			runOnlyForDeploymentPostprocessing = 0;
			shellPath = /bin/sh;
			shellScript = "\"${SRCROOT}/Pods/Target Support Files/Pods-ZenHack/Pods-ZenHack-resources.sh\"\n";
			showEnvVarsInLog = 0;
		};
		FA9A156A1F2B3E80B92D4AC8 /* [CP] Embed Pods Frameworks */ = {
			isa = PBXShellScriptBuildPhase;
			buildActionMask = 2147483647;
			files = (
			);
			inputPaths = (
			);
			name = "[CP] Embed Pods Frameworks";
			outputPaths = (
			);
			runOnlyForDeploymentPostprocessing = 0;
			shellPath = /bin/sh;
			shellScript = "\"${SRCROOT}/Pods/Target Support Files/Pods-ZenHack/Pods-ZenHack-frameworks.sh\"\n";
			showEnvVarsInLog = 0;
		};
/* End PBXShellScriptBuildPhase section */

/* Begin PBXSourcesBuildPhase section */
		BEF8080F1D9F7AEA00C1139C /* Sources */ = {
			isa = PBXSourcesBuildPhase;
			buildActionMask = 2147483647;
			files = (
				BE8F058E1D9FA89F006117F7 /* DrawableViewController.swift in Sources */,
				BE8F058C1D9FA888006117F7 /* DrawableView.swift in Sources */,
				BEF808191D9F7AEA00C1139C /* ViewController.swift in Sources */,
				BE8F058A1D9F9FEA006117F7 /* ArrowButton.swift in Sources */,
				BE8F05881D9F9096006117F7 /* UIColor+hexString.swift in Sources */,
				BE070C5D1DA0526C009DF5B4 /* DataModel.swift in Sources */,
				BEB68D391D9F8CEA0007CB84 /* ImageCell.swift in Sources */,
				BEF808171D9F7AEA00C1139C /* AppDelegate.swift in Sources */,
				BE070C5B1DA050E8009DF5B4 /* Data.swift in Sources */,
				BEB68D371D9F8CDD0007CB84 /* ImagesCollectionView.swift in Sources */,
			);
			runOnlyForDeploymentPostprocessing = 0;
		};
/* End PBXSourcesBuildPhase section */

/* Begin PBXVariantGroup section */
		BEF8081A1D9F7AEA00C1139C /* Main.storyboard */ = {
			isa = PBXVariantGroup;
			children = (
				BEF8081B1D9F7AEA00C1139C /* Base */,
			);
			name = Main.storyboard;
			sourceTree = "<group>";
		};
		BEF8081F1D9F7AEA00C1139C /* LaunchScreen.storyboard */ = {
			isa = PBXVariantGroup;
			children = (
				BEF808201D9F7AEA00C1139C /* Base */,
			);
			name = LaunchScreen.storyboard;
			sourceTree = "<group>";
		};
/* End PBXVariantGroup section */

/* Begin XCBuildConfiguration section */
		BEF808231D9F7AEA00C1139C /* Debug */ = {
			isa = XCBuildConfiguration;
			buildSettings = {
				ALWAYS_SEARCH_USER_PATHS = NO;
				CLANG_ANALYZER_NONNULL = YES;
				CLANG_CXX_LANGUAGE_STANDARD = "gnu++0x";
				CLANG_CXX_LIBRARY = "libc++";
				CLANG_ENABLE_MODULES = YES;
				CLANG_ENABLE_OBJC_ARC = YES;
				CLANG_WARN_BOOL_CONVERSION = YES;
				CLANG_WARN_CONSTANT_CONVERSION = YES;
				CLANG_WARN_DIRECT_OBJC_ISA_USAGE = YES_ERROR;
				CLANG_WARN_EMPTY_BODY = YES;
				CLANG_WARN_ENUM_CONVERSION = YES;
				CLANG_WARN_INT_CONVERSION = YES;
				CLANG_WARN_OBJC_ROOT_CLASS = YES_ERROR;
				CLANG_WARN_UNREACHABLE_CODE = YES;
				CLANG_WARN__DUPLICATE_METHOD_MATCH = YES;
				"CODE_SIGN_IDENTITY[sdk=iphoneos*]" = "iPhone Developer";
				COPY_PHASE_STRIP = NO;
				DEBUG_INFORMATION_FORMAT = dwarf;
				ENABLE_STRICT_OBJC_MSGSEND = YES;
				ENABLE_TESTABILITY = YES;
				GCC_C_LANGUAGE_STANDARD = gnu99;
				GCC_DYNAMIC_NO_PIC = NO;
				GCC_NO_COMMON_BLOCKS = YES;
				GCC_OPTIMIZATION_LEVEL = 0;
				GCC_PREPROCESSOR_DEFINITIONS = (
					"DEBUG=1",
					"$(inherited)",
				);
				GCC_WARN_64_TO_32_BIT_CONVERSION = YES;
				GCC_WARN_ABOUT_RETURN_TYPE = YES_ERROR;
				GCC_WARN_UNDECLARED_SELECTOR = YES;
				GCC_WARN_UNINITIALIZED_AUTOS = YES_AGGRESSIVE;
				GCC_WARN_UNUSED_FUNCTION = YES;
				GCC_WARN_UNUSED_VARIABLE = YES;
				IPHONEOS_DEPLOYMENT_TARGET = 9.3;
				MTL_ENABLE_DEBUG_INFO = YES;
				ONLY_ACTIVE_ARCH = YES;
				SDKROOT = iphoneos;
				SWIFT_OPTIMIZATION_LEVEL = "-Onone";
				TARGETED_DEVICE_FAMILY = "1,2";
			};
			name = Debug;
		};
		BEF808241D9F7AEA00C1139C /* Release */ = {
			isa = XCBuildConfiguration;
			buildSettings = {
				ALWAYS_SEARCH_USER_PATHS = NO;
				CLANG_ANALYZER_NONNULL = YES;
				CLANG_CXX_LANGUAGE_STANDARD = "gnu++0x";
				CLANG_CXX_LIBRARY = "libc++";
				CLANG_ENABLE_MODULES = YES;
				CLANG_ENABLE_OBJC_ARC = YES;
				CLANG_WARN_BOOL_CONVERSION = YES;
				CLANG_WARN_CONSTANT_CONVERSION = YES;
				CLANG_WARN_DIRECT_OBJC_ISA_USAGE = YES_ERROR;
				CLANG_WARN_EMPTY_BODY = YES;
				CLANG_WARN_ENUM_CONVERSION = YES;
				CLANG_WARN_INT_CONVERSION = YES;
				CLANG_WARN_OBJC_ROOT_CLASS = YES_ERROR;
				CLANG_WARN_UNREACHABLE_CODE = YES;
				CLANG_WARN__DUPLICATE_METHOD_MATCH = YES;
				"CODE_SIGN_IDENTITY[sdk=iphoneos*]" = "iPhone Developer";
				COPY_PHASE_STRIP = NO;
				DEBUG_INFORMATION_FORMAT = "dwarf-with-dsym";
				ENABLE_NS_ASSERTIONS = NO;
				ENABLE_STRICT_OBJC_MSGSEND = YES;
				GCC_C_LANGUAGE_STANDARD = gnu99;
				GCC_NO_COMMON_BLOCKS = YES;
				GCC_WARN_64_TO_32_BIT_CONVERSION = YES;
				GCC_WARN_ABOUT_RETURN_TYPE = YES_ERROR;
				GCC_WARN_UNDECLARED_SELECTOR = YES;
				GCC_WARN_UNINITIALIZED_AUTOS = YES_AGGRESSIVE;
				GCC_WARN_UNUSED_FUNCTION = YES;
				GCC_WARN_UNUSED_VARIABLE = YES;
				IPHONEOS_DEPLOYMENT_TARGET = 9.3;
				MTL_ENABLE_DEBUG_INFO = NO;
				SDKROOT = iphoneos;
				TARGETED_DEVICE_FAMILY = "1,2";
				VALIDATE_PRODUCT = YES;
			};
			name = Release;
		};
		BEF808261D9F7AEA00C1139C /* Debug */ = {
			isa = XCBuildConfiguration;
			baseConfigurationReference = 555C1E01525EFC415CB2BC73 /* Pods-ZenHack.debug.xcconfig */;
			buildSettings = {
				ASSETCATALOG_COMPILER_APPICON_NAME = AppIcon;
				CODE_SIGN_IDENTITY = "iPhone Developer";
				"CODE_SIGN_IDENTITY[sdk=iphoneos*]" = "iPhone Developer";
				INFOPLIST_FILE = ZenHack/Info.plist;
				LD_RUNPATH_SEARCH_PATHS = "$(inherited) @executable_path/Frameworks";
				PRODUCT_BUNDLE_IDENTIFIER = jp.zenhack.ZenHack;
				PRODUCT_NAME = "$(TARGET_NAME)";
				PROVISIONING_PROFILE = "";
			};
			name = Debug;
		};
		BEF808271D9F7AEA00C1139C /* Release */ = {
			isa = XCBuildConfiguration;
			baseConfigurationReference = 08D97A8953B6B0DDB25A04C8 /* Pods-ZenHack.release.xcconfig */;
			buildSettings = {
				ASSETCATALOG_COMPILER_APPICON_NAME = AppIcon;
				CODE_SIGN_IDENTITY = "iPhone Developer";
				"CODE_SIGN_IDENTITY[sdk=iphoneos*]" = "iPhone Developer";
				INFOPLIST_FILE = ZenHack/Info.plist;
				LD_RUNPATH_SEARCH_PATHS = "$(inherited) @executable_path/Frameworks";
				PRODUCT_BUNDLE_IDENTIFIER = jp.zenhack.ZenHack;
				PRODUCT_NAME = "$(TARGET_NAME)";
				PROVISIONING_PROFILE = "";
			};
			name = Release;
		};
/* End XCBuildConfiguration section */

/* Begin XCConfigurationList section */
		BEF8080E1D9F7AE900C1139C /* Build configuration list for PBXProject "ZenHack" */ = {
			isa = XCConfigurationList;
			buildConfigurations = (
				BEF808231D9F7AEA00C1139C /* Debug */,
				BEF808241D9F7AEA00C1139C /* Release */,
			);
			defaultConfigurationIsVisible = 0;
			defaultConfigurationName = Release;
		};
		BEF808251D9F7AEA00C1139C /* Build configuration list for PBXNativeTarget "ZenHack" */ = {
			isa = XCConfigurationList;
			buildConfigurations = (
				BEF808261D9F7AEA00C1139C /* Debug */,
				BEF808271D9F7AEA00C1139C /* Release */,
			);
			defaultConfigurationIsVisible = 0;
			defaultConfigurationName = Release;
		};
/* End XCConfigurationList section */
	};
	rootObject = BEF8080B1D9F7AE900C1139C /* Project object */;
}
